
Microsoft Visual Studio Solution File, Format Version 12.00
# Visual Studio Version 17
VisualStudioVersion = 17.11.35312.102
MinimumVisualStudioVersion = 10.0.40219.1
Project("{FAE04EC0-301F-11D3-BF4B-00C04F79EFBC}") = "Reserva_C", "Reserva_C\Reserva_C.csproj", "{24316973-5A3C-40BD-8470-818D3BC73878}"
EndProject
Global
	GlobalSection(SolutionConfigurationPlatforms) = preSolution
		Debug|Any CPU = Debug|Any CPU
		Release|Any CPU = Release|Any CPU
	EndGlobalSection
	GlobalSection(ProjectConfigurationPlatforms) = postSolution
		{24316973-5A3C-40BD-8470-818D3BC73878}.Debug|Any CPU.ActiveCfg = Debug|Any CPU
		{24316973-5A3C-40BD-8470-818D3BC73878}.Debug|Any CPU.Build.0 = Debug|Any CPU
		{24316973-5A3C-40BD-8470-818D3BC73878}.Release|Any CPU.ActiveCfg = Release|Any CPU
		{24316973-5A3C-40BD-8470-818D3BC73878}.Release|Any CPU.Build.0 = Release|Any CPU
	EndGlobalSection
	GlobalSection(SolutionProperties) = preSolution
		HideSolutionNode = FALSE
	EndGlobalSection
	GlobalSection(ExtensibilityGlobals) = postSolution
		SolutionGuid = {6EB183A6-E06B-4C41-9DDB-E2263420F531}
	EndGlobalSection
EndGlobal
